Microsoft Visual Studio Solution File, Format Version 12.00
# Visual Studio 15
VisualStudioVersion = 15.0.28307.539
MinimumVisualStudioVersion = 10.0.40219.1
Project("{8BC9CEB8-8B4A-11D0-8D11-00A0C91BC942}") = "UnifyZip", "UnifyZip.vcxproj", "{57AB6488-C206-424D-BD58-C271DEAE67B1}"
	ProjectSection(ProjectDependencies) = postProject
		{745DEC58-EBB3-47A9-A9B8-4C6627C01BF8} = {745DEC58-EBB3-47A9-A9B8-4C6627C01BF8}
		{48CDD9DC-E09F-4135-9C0C-4FE50C3C654B} = {48CDD9DC-E09F-4135-9C0C-4FE50C3C654B}
		{8FD826F8-3739-44E6-8CC8-997122E53B8D} = {8FD826F8-3739-44E6-8CC8-997122E53B8D}
	EndProjectSection
EndProject
Project("{8BC9CEB8-8B4A-11D0-8D11-00A0C91BC942}") = "zlibvc", "zlib\contrib\vstudio\vc14\zlibvc.vcxproj", "{8FD826F8-3739-44E6-8CC8-997122E53B8D}"
EndProject
Project("{8BC9CEB8-8B4A-11D0-8D11-00A0C91BC942}") = "minizip", "zlib\contrib\vstudio\vc14\minizip.vcxproj", "{48CDD9DC-E09F-4135-9C0C-4FE50C3C654B}"
EndProject
Project("{8BC9CEB8-8B4A-11D0-8D11-00A0C91BC942}") = "zlibstat", "zlib\contrib\vstudio\vc14\zlibstat.vcxproj", "{745DEC58-EBB3-47A9-A9B8-4C6627C01BF8}"
EndProject
Global
	GlobalSection(SolutionConfigurationPlatforms) = preSolution
		Debug|Itanium = Debug|Itanium
		Debug|x64 = Debug|x64
		Debug|x86 = Debug|x86
		Release|Itanium = Release|Itanium
		Release|x64 = Release|x64
		Release|x86 = Release|x86
		ReleaseWithoutAsm|Itanium = ReleaseWithoutAsm|Itanium
		ReleaseWithoutAsm|x64 = ReleaseWithoutAsm|x64
		ReleaseWithoutAsm|x86 = ReleaseWithoutAsm|x86
	EndGlobalSection
	GlobalSection(ProjectConfigurationPlatforms) = postSolution
		{57AB6488-C206-424D-BD58-C271DEAE67B1}.Debug|Itanium.ActiveCfg = Debug|Win32
		{57AB6488-C206-424D-BD58-C271DEAE67B1}.Debug|x64.ActiveCfg = Debug|Win32
		{57AB6488-C206-424D-BD58-C271DEAE67B1}.Debug|x86.ActiveCfg = Debug|Win32
		{57AB6488-C206-424D-BD58-C271DEAE67B1}.Debug|x86.Build.0 = Debug|Win32
		{57AB6488-C206-424D-BD58-C271DEAE67B1}.Release|Itanium.ActiveCfg = Release|Win32
		{57AB6488-C206-424D-BD58-C271DEAE67B1}.Release|x64.ActiveCfg = Release|Win32
		{57AB6488-C206-424D-BD58-C271DEAE67B1}.Release|x86.ActiveCfg = Release|Win32
		{57AB6488-C206-424D-BD58-C271DEAE67B1}.Release|x86.Build.0 = Release|Win32
		{57AB6488-C206-424D-BD58-C271DEAE67B1}.ReleaseWithoutAsm|Itanium.ActiveCfg = Release|Win32
		{57AB6488-C206-424D-BD58-C271DEAE67B1}.ReleaseWithoutAsm|Itanium.Build.0 = Release|Win32
		{57AB6488-C206-424D-BD58-C271DEAE67B1}.ReleaseWithoutAsm|x64.ActiveCfg = Release|Win32
		{57AB6488-C206-424D-BD58-C271DEAE67B1}.ReleaseWithoutAsm|x64.Build.0 = Release|Win32
		{57AB6488-C206-424D-BD58-C271DEAE67B1}.ReleaseWithoutAsm|x86.ActiveCfg = Release|Win32
		{57AB6488-C206-424D-BD58-C271DEAE67B1}.ReleaseWithoutAsm|x86.Build.0 = Release|Win32
		{8FD826F8-3739-44E6-8CC8-997122E53B8D}.Debug|Itanium.ActiveCfg = Debug|Itanium
		{8FD826F8-3739-44E6-8CC8-997122E53B8D}.Debug|Itanium.Build.0 = Debug|Itanium
		{8FD826F8-3739-44E6-8CC8-997122E53B8D}.Debug|x64.ActiveCfg = Debug|x64
		{8FD826F8-3739-44E6-8CC8-997122E53B8D}.Debug|x64.Build.0 = Debug|x64
		{8FD826F8-3739-44E6-8CC8-997122E53B8D}.Debug|x86.ActiveCfg = Debug|Win32
		{8FD826F8-3739-44E6-8CC8-997122E53B8D}.Debug|x86.Build.0 = Debug|Win32
		{8FD826F8-3739-44E6-8CC8-997122E53B8D}.Release|Itanium.ActiveCfg = Release|Itanium
		{8FD826F8-3739-44E6-8CC8-997122E53B8D}.Release|Itanium.Build.0 = Release|Itanium
		{8FD826F8-3739-44E6-8CC8-997122E53B8D}.Release|x64.ActiveCfg = Release|x64
		{8FD826F8-3739-44E6-8CC8-997122E53B8D}.Release|x64.Build.0 = Release|x64
		{8FD826F8-3739-44E6-8CC8-997122E53B8D}.Release|x86.ActiveCfg = Release|Win32
		{8FD826F8-3739-44E6-8CC8-997122E53B8D}.Release|x86.Build.0 = Release|Win32
		{8FD826F8-3739-44E6-8CC8-997122E53B8D}.ReleaseWithoutAsm|Itanium.ActiveCfg = ReleaseWithoutAsm|Itanium
		{8FD826F8-3739-44E6-8CC8-997122E53B8D}.ReleaseWithoutAsm|Itanium.Build.0 = ReleaseWithoutAsm|Itanium
		{8FD826F8-3739-44E6-8CC8-997122E53B8D}.ReleaseWithoutAsm|x64.ActiveCfg = ReleaseWithoutAsm|x64
		{8FD826F8-3739-44E6-8CC8-997122E53B8D}.ReleaseWithoutAsm|x64.Build.0 = ReleaseWithoutAsm|x64
		{8FD826F8-3739-44E6-8CC8-997122E53B8D}.ReleaseWithoutAsm|x86.ActiveCfg = Release|Win32
		{8FD826F8-3739-44E6-8CC8-997122E53B8D}.ReleaseWithoutAsm|x86.Build.0 = Release|Win32
		{48CDD9DC-E09F-4135-9C0C-4FE50C3C654B}.Debug|Itanium.ActiveCfg = Debug|Itanium
		{48CDD9DC-E09F-4135-9C0C-4FE50C3C654B}.Debug|Itanium.Build.0 = Debug|Itanium
		{48CDD9DC-E09F-4135-9C0C-4FE50C3C654B}.Debug|x64.ActiveCfg = Debug|x64
		{48CDD9DC-E09F-4135-9C0C-4FE50C3C654B}.Debug|x64.Build.0 = Debug|x64
		{48CDD9DC-E09F-4135-9C0C-4FE50C3C654B}.Debug|x86.ActiveCfg = Debug|Win32
		{48CDD9DC-E09F-4135-9C0C-4FE50C3C654B}.Debug|x86.Build.0 = Debug|Win32
		{48CDD9DC-E09F-4135-9C0C-4FE50C3C654B}.Release|Itanium.ActiveCfg = Release|Itanium
		{48CDD9DC-E09F-4135-9C0C-4FE50C3C654B}.Release|Itanium.Build.0 = Release|Itanium
		{48CDD9DC-E09F-4135-9C0C-4FE50C3C654B}.Release|x64.ActiveCfg = Release|x64
		{48CDD9DC-E09F-4135-9C0C-4FE50C3C654B}.Release|x64.Build.0 = Release|x64
		{48CDD9DC-E09F-4135-9C0C-4FE50C3C654B}.Release|x86.ActiveCfg = Release|Win32
		{48CDD9DC-E09F-4135-9C0C-4FE50C3C654B}.Release|x86.Build.0 = Release|Win32
		{48CDD9DC-E09F-4135-9C0C-4FE50C3C654B}.ReleaseWithoutAsm|Itanium.ActiveCfg = Release|Itanium
		{48CDD9DC-E09F-4135-9C0C-4FE50C3C654B}.ReleaseWithoutAsm|Itanium.Build.0 = Release|Itanium
		{48CDD9DC-E09F-4135-9C0C-4FE50C3C654B}.ReleaseWithoutAsm|x64.ActiveCfg = Release|x64
		{48CDD9DC-E09F-4135-9C0C-4FE50C3C654B}.ReleaseWithoutAsm|x64.Build.0 = Release|x64
		{48CDD9DC-E09F-4135-9C0C-4FE50C3C654B}.ReleaseWithoutAsm|x86.ActiveCfg = Release|Win32
		{48CDD9DC-E09F-4135-9C0C-4FE50C3C654B}.ReleaseWithoutAsm|x86.Build.0 = Release|Win32
		{745DEC58-EBB3-47A9-A9B8-4C6627C01BF8}.Debug|Itanium.ActiveCfg = Debug|Itanium
		{745DEC58-EBB3-47A9-A9B8-4C6627C01BF8}.Debug|Itanium.Build.0 = Debug|Itanium
		{745DEC58-EBB3-47A9-A9B8-4C6627C01BF8}.Debug|x64.ActiveCfg = Debug|x64
		{745DEC58-EBB3-47A9-A9B8-4C6627C01BF8}.Debug|x64.Build.0 = Debug|x64
		{745DEC58-EBB3-47A9-A9B8-4C6627C01BF8}.Debug|x86.ActiveCfg = Debug|Win32
		{745DEC58-EBB3-47A9-A9B8-4C6627C01BF8}.Debug|x86.Build.0 = Debug|Win32
		{745DEC58-EBB3-47A9-A9B8-4C6627C01BF8}.Release|Itanium.ActiveCfg = Release|Itanium
		{745DEC58-EBB3-47A9-A9B8-4C6627C01BF8}.Release|Itanium.Build.0 = Release|Itanium
		{745DEC58-EBB3-47A9-A9B8-4C6627C01BF8}.Release|x64.ActiveCfg = Release|x64
		{745DEC58-EBB3-47A9-A9B8-4C6627C01BF8}.Release|x64.Build.0 = Release|x64
		{745DEC58-EBB3-47A9-A9B8-4C6627C01BF8}.Release|x86.ActiveCfg = Release|Win32
		{745DEC58-EBB3-47A9-A9B8-4C6627C01BF8}.Release|x86.Build.0 = Release|Win32
		{745DEC58-EBB3-47A9-A9B8-4C6627C01BF8}.ReleaseWithoutAsm|Itanium.ActiveCfg = ReleaseWithoutAsm|Itanium
		{745DEC58-EBB3-47A9-A9B8-4C6627C01BF8}.ReleaseWithoutAsm|Itanium.Build.0 = ReleaseWithoutAsm|Itanium
		{745DEC58-EBB3-47A9-A9B8-4C6627C01BF8}.ReleaseWithoutAsm|x64.ActiveCfg = ReleaseWithoutAsm|x64
		{745DEC58-EBB3-47A9-A9B8-4C6627C01BF8}.ReleaseWithoutAsm|x64.Build.0 = ReleaseWithoutAsm|x64
		{745DEC58-EBB3-47A9-A9B8-4C6627C01BF8}.ReleaseWithoutAsm|x86.ActiveCfg = Release|Win32
		{745DEC58-EBB3-47A9-A9B8-4C6627C01BF8}.ReleaseWithoutAsm|x86.Build.0 = Release|Win32
	EndGlobalSection
	GlobalSection(SolutionProperties) = preSolution
		HideSolutionNode = FALSE
	EndGlobalSection
	GlobalSection(ExtensibilityGlobals) = postSolution
		SolutionGuid = {7978DF44-EFB7-4391-BB4F-1A192B682A5C}
	EndGlobalSection
EndGlobal
